
Microsoft Visual Studio Solution File, Format Version 12.00
# Visual Studio Version 16
VisualStudioVersion = 16.0.31729.503
MinimumVisualStudioVersion = 10.0.40219.1
Project("{8BC9CEB8-8B4A-11D0-8D11-00A0C91BC942}") = "pocet stejnych prvku", "pocet stejnych prvku\pocet stejnych prvku.vcxproj", "{473D1634-B179-4668-991E-30C666CCDD5E}"
EndProject
Global
	GlobalSection(SolutionConfigurationPlatforms) = preSolution
		Debug|x64 = Debug|x64
		Debug|x86 = Debug|x86
		Release|x64 = Release|x64
		Release|x86 = Release|x86
	EndGlobalSection
	GlobalSection(ProjectConfigurationPlatforms) = postSolution
		{473D1634-B179-4668-991E-30C666CCDD5E}.Debug|x64.ActiveCfg = Debug|x64
		{473D1634-B179-4668-991E-30C666CCDD5E}.Debug|x64.Build.0 = Debug|x64
		{473D1634-B179-4668-991E-30C666CCDD5E}.Debug|x86.ActiveCfg = Debug|Win32
		{473D1634-B179-4668-991E-30C666CCDD5E}.Debug|x86.Build.0 = Debug|Win32
		{473D1634-B179-4668-991E-30C666CCDD5E}.Release|x64.ActiveCfg = Release|x64
		{473D1634-B179-4668-991E-30C666CCDD5E}.Release|x64.Build.0 = Release|x64
		{473D1634-B179-4668-991E-30C666CCDD5E}.Release|x86.ActiveCfg = Release|Win32
		{473D1634-B179-4668-991E-30C666CCDD5E}.Release|x86.Build.0 = Release|Win32
	EndGlobalSection
	GlobalSection(SolutionProperties) = preSolution
		HideSolutionNode = FALSE
	EndGlobalSection
	GlobalSection(ExtensibilityGlobals) = postSolution
		SolutionGuid = {85F9097D-99D9-4D66-98CE-C40651381571}
	EndGlobalSection
EndGlobal
